
Microsoft Visual Studio Solution File, Format Version 12.00
# Visual Studio Version 16
VisualStudioVersion = 16.0.33328.57
MinimumVisualStudioVersion = 10.0.40219.1
Project("{8BC9CEB8-8B4A-11D0-8D11-00A0C91BC942}") = "PstoeditQtGui", "PstoeditQtGui.vcxproj", "{27A27267-E94D-48CE-9E8B-70B39B6C5606}"
EndProject
Global
	GlobalSection(SolutionConfigurationPlatforms) = preSolution
		Debug|x64 = Debug|x64
		Release|x64 = Release|x64
	EndGlobalSection
	GlobalSection(ProjectConfigurationPlatforms) = postSolution
		{27A27267-E94D-48CE-9E8B-70B39B6C5606}.Debug|x64.ActiveCfg = Debug|x64
		{27A27267-E94D-48CE-9E8B-70B39B6C5606}.Debug|x64.Build.0 = Debug|x64
		{27A27267-E94D-48CE-9E8B-70B39B6C5606}.Release|x64.ActiveCfg = Release|x64
		{27A27267-E94D-48CE-9E8B-70B39B6C5606}.Release|x64.Build.0 = Release|x64
	EndGlobalSection
	GlobalSection(SolutionProperties) = preSolution
		HideSolutionNode = FALSE
	EndGlobalSection
	GlobalSection(ExtensibilityGlobals) = postSolution
		SolutionGuid = {1AE8BBE0-4524-49E3-A3C2-DD57E0875386}
	EndGlobalSection
EndGlobal
